
Microsoft Visual Studio Solution File, Format Version 12.00
# Visual Studio Version 16
VisualStudioVersion = 16.0.31829.152
MinimumVisualStudioVersion = 10.0.40219.1
Project("{F184B08F-C81C-45F6-A57F-5ABD9991F28F}") = "Easy-Rules .NET", "Easy-Rules .NET\Easy-Rules .NET.vbproj", "{B3DA91A6-FC7A-489B-8B0C-E2C24E929F8F}"
EndProject
Global
	GlobalSection(SolutionConfigurationPlatforms) = preSolution
		Debug|Any CPU = Debug|Any CPU
		Release|Any CPU = Release|Any CPU
	EndGlobalSection
	GlobalSection(ProjectConfigurationPlatforms) = postSolution
		{B3DA91A6-FC7A-489B-8B0C-E2C24E929F8F}.Debug|Any CPU.ActiveCfg = Debug|Any CPU
		{B3DA91A6-FC7A-489B-8B0C-E2C24E929F8F}.Debug|Any CPU.Build.0 = Debug|Any CPU
		{B3DA91A6-FC7A-489B-8B0C-E2C24E929F8F}.Release|Any CPU.ActiveCfg = Release|Any CPU
		{B3DA91A6-FC7A-489B-8B0C-E2C24E929F8F}.Release|Any CPU.Build.0 = Release|Any CPU
	EndGlobalSection
	GlobalSection(SolutionProperties) = preSolution
		HideSolutionNode = FALSE
	EndGlobalSection
	GlobalSection(ExtensibilityGlobals) = postSolution
		SolutionGuid = {01589D40-BDCA-4519-A7E0-6D1DB77D0118}
	EndGlobalSection
EndGlobal
